
Microsoft Visual Studio Solution File, Format Version 12.00
# Visual Studio Version 16
VisualStudioVersion = 16.0.33214.272
MinimumVisualStudioVersion = 10.0.40219.1
Project("{FAE04EC0-301F-11D3-BF4B-00C04F79EFBC}") = "Foto", "Foto.csproj", "{0868813A-42CF-4C6C-BE6D-C3A25182D3C7}"
EndProject
Global
	GlobalSection(SolutionConfigurationPlatforms) = preSolution
		Debug|Any CPU = Debug|Any CPU
		Release|Any CPU = Release|Any CPU
	EndGlobalSection
	GlobalSection(ProjectConfigurationPlatforms) = postSolution
		{0868813A-42CF-4C6C-BE6D-C3A25182D3C7}.Debug|Any CPU.ActiveCfg = Debug|Any CPU
		{0868813A-42CF-4C6C-BE6D-C3A25182D3C7}.Debug|Any CPU.Build.0 = Debug|Any CPU
		{0868813A-42CF-4C6C-BE6D-C3A25182D3C7}.Release|Any CPU.ActiveCfg = Release|Any CPU
		{0868813A-42CF-4C6C-BE6D-C3A25182D3C7}.Release|Any CPU.Build.0 = Release|Any CPU
	EndGlobalSection
	GlobalSection(SolutionProperties) = preSolution
		HideSolutionNode = FALSE
	EndGlobalSection
	GlobalSection(ExtensibilityGlobals) = postSolution
		SolutionGuid = {DCC92673-EA31-4390-9F73-CBA7E748FBAD}
	EndGlobalSection
EndGlobal
